# This file is autogenerated, do not edit; changes may be undone by the next 'dep ensure'.


[[projects]]
  branch = "master"
  name = "github.com/medium/medium-sdk-go"
  packages = ["."]
  revision = "4daca056cf6a3043764ae976e93df7a15829eb8f"

[solve-meta]
  analyzer-name = "dep"
  analyzer-version = 1
  inputs-digest = "d365fe5570d9759a4001d05bd580b5ab2778a2bc522bb1ebcbf7401b2fd65539"
  solver-name = "gps-cdcl"
  solver-version = 1
