# This file is autogenerated, do not edit; changes may be undone by the next 'dep ensure'.


[[projects]]
  branch = "master"
  name = "github.com/medium/medium-sdk-go"
  packages = ["."]
  revision = "4daca056cf6a3043764ae976e93df7a15829eb8f"

[[projects]]
  name = "github.com/urfave/cli"
  packages = ["."]
  revision = "cfb38830724cc34fedffe9a2a29fb54fa9169cd1"
  version = "v1.20.0"

[[projects]]
  name = "gopkg.in/yaml.v2"
  packages = ["."]
  revision = "5420a8b6744d3b0345ab293f6fcba19c978f1183"
  version = "v2.2.1"

[solve-meta]
  analyzer-name = "dep"
  analyzer-version = 1
  inputs-digest = "e18eb6e0c12ce414e1794339ac2df2fb269d8940895a436d91666524eede407c"
  solver-name = "gps-cdcl"
  solver-version = 1
